
Microsoft Visual Studio Solution File, Format Version 12.00
# Visual Studio Version 17
VisualStudioVersion = 17.5.33627.172
MinimumVisualStudioVersion = 10.0.40219.1
Project("{9A19103F-16F7-4668-BE54-9A1E7A4F7556}") = "GenericSequenceGenerator", "GenericSequenceGenerator\GenericSequenceGenerator.csproj", "{690F8CD1-475F-43EE-B384-B1F4AD8B70DF}"
EndProject
Project("{9A19103F-16F7-4668-BE54-9A1E7A4F7556}") = "GenericSequenceGenerator.Tests", "GenericSequenceGenerator.Tests\GenericSequenceGenerator.Tests.csproj", "{5C2375DA-2AD6-438D-B6D7-F0E77D4193FC}"
EndProject
Project("{2150E333-8FDC-42A3-9474-1A3956D46DE8}") = "Solution Items", "Solution Items", "{95483F21-3E4F-499B-8D61-529C12A05C5B}"
	ProjectSection(SolutionItems) = preProject
		README.md = README.md
	EndProjectSection
EndProject
Project("{FAE04EC0-301F-11D3-BF4B-00C04F79EFBC}") = "ConsoleApp", "ConsoleApp\ConsoleApp.csproj", "{D2236B61-9ED0-4558-BBF4-9CCC2CABD8FF}"
	ProjectSection(ProjectDependencies) = postProject
		{690F8CD1-475F-43EE-B384-B1F4AD8B70DF} = {690F8CD1-475F-43EE-B384-B1F4AD8B70DF}
	EndProjectSection
EndProject
Global
	GlobalSection(SolutionConfigurationPlatforms) = preSolution
		Debug|Any CPU = Debug|Any CPU
		Release|Any CPU = Release|Any CPU
	EndGlobalSection
	GlobalSection(ProjectConfigurationPlatforms) = postSolution
		{690F8CD1-475F-43EE-B384-B1F4AD8B70DF}.Debug|Any CPU.ActiveCfg = Debug|Any CPU
		{690F8CD1-475F-43EE-B384-B1F4AD8B70DF}.Debug|Any CPU.Build.0 = Debug|Any CPU
		{690F8CD1-475F-43EE-B384-B1F4AD8B70DF}.Release|Any CPU.ActiveCfg = Release|Any CPU
		{690F8CD1-475F-43EE-B384-B1F4AD8B70DF}.Release|Any CPU.Build.0 = Release|Any CPU
		{5C2375DA-2AD6-438D-B6D7-F0E77D4193FC}.Debug|Any CPU.ActiveCfg = Debug|Any CPU
		{5C2375DA-2AD6-438D-B6D7-F0E77D4193FC}.Debug|Any CPU.Build.0 = Debug|Any CPU
		{5C2375DA-2AD6-438D-B6D7-F0E77D4193FC}.Release|Any CPU.ActiveCfg = Release|Any CPU
		{5C2375DA-2AD6-438D-B6D7-F0E77D4193FC}.Release|Any CPU.Build.0 = Release|Any CPU
		{D2236B61-9ED0-4558-BBF4-9CCC2CABD8FF}.Debug|Any CPU.ActiveCfg = Debug|Any CPU
		{D2236B61-9ED0-4558-BBF4-9CCC2CABD8FF}.Debug|Any CPU.Build.0 = Debug|Any CPU
		{D2236B61-9ED0-4558-BBF4-9CCC2CABD8FF}.Release|Any CPU.ActiveCfg = Release|Any CPU
		{D2236B61-9ED0-4558-BBF4-9CCC2CABD8FF}.Release|Any CPU.Build.0 = Release|Any CPU
	EndGlobalSection
	GlobalSection(SolutionProperties) = preSolution
		HideSolutionNode = FALSE
	EndGlobalSection
	GlobalSection(ExtensibilityGlobals) = postSolution
		SolutionGuid = {24F2E398-1756-486E-83A0-8671BB168FC4}
	EndGlobalSection
EndGlobal
