
Microsoft Visual Studio Solution File, Format Version 12.00
# Visual Studio Version 17
VisualStudioVersion = 17.13.35825.156
MinimumVisualStudioVersion = 10.0.40219.1
Project("{FAE04EC0-301F-11D3-BF4B-00C04F79EFBC}") = "ObjectMethods", "ObjectMethods.csproj", "{A4FA85BF-0915-46E6-B12D-60CEC363DE11}"
EndProject
Project("{FAE04EC0-301F-11D3-BF4B-00C04F79EFBC}") = "OperatorsOverloding", "..\OperatorsOverloding\OperatorsOverloding.csproj", "{2A015AEB-DC96-4B4A-86C1-B81C1FA2CB21}"
EndProject
Project("{FAE04EC0-301F-11D3-BF4B-00C04F79EFBC}") = "ExamTestsApp", "..\InheritsBasics\ExamTestsApp.csproj", "{86C3472E-56B6-4B49-AF0F-4B4CB6FC8D0C}"
EndProject
Project("{FAE04EC0-301F-11D3-BF4B-00C04F79EFBC}") = "ThreadingApp", "..\ThreadingApp\ThreadingApp.csproj", "{4BE0AF9D-F08C-4DB9-8E04-7CB91A08AC0B}"
EndProject
Project("{FAE04EC0-301F-11D3-BF4B-00C04F79EFBC}") = "StringMethodsApp", "..\StringMethodsApp\StringMethodsApp.csproj", "{78C20FD5-5B53-4185-AE82-D067DF0228AA}"
EndProject
Project("{FAE04EC0-301F-11D3-BF4B-00C04F79EFBC}") = "InheritanceApp", "..\InheritanceApp\InheritanceApp.csproj", "{C92B676F-A824-4EB1-B836-7D6255A1F60A}"
EndProject
Project("{FAE04EC0-301F-11D3-BF4B-00C04F79EFBC}") = "ExamTestsAppTest", "..\TestProject1\ExamTestsAppTest.csproj", "{C09D18A9-62EB-4B93-BF1D-F2211A27B0FC}"
EndProject
Project("{FAE04EC0-301F-11D3-BF4B-00C04F79EFBC}") = "InterfacesApp", "..\InterfacesApp\InterfacesApp.csproj", "{79A1D362-4614-47D9-B03A-953DD307A0E6}"
EndProject
Global
	GlobalSection(SolutionConfigurationPlatforms) = preSolution
		Debug|Any CPU = Debug|Any CPU
		Release|Any CPU = Release|Any CPU
	EndGlobalSection
	GlobalSection(ProjectConfigurationPlatforms) = postSolution
		{A4FA85BF-0915-46E6-B12D-60CEC363DE11}.Debug|Any CPU.ActiveCfg = Debug|Any CPU
		{A4FA85BF-0915-46E6-B12D-60CEC363DE11}.Debug|Any CPU.Build.0 = Debug|Any CPU
		{A4FA85BF-0915-46E6-B12D-60CEC363DE11}.Release|Any CPU.ActiveCfg = Release|Any CPU
		{A4FA85BF-0915-46E6-B12D-60CEC363DE11}.Release|Any CPU.Build.0 = Release|Any CPU
		{2A015AEB-DC96-4B4A-86C1-B81C1FA2CB21}.Debug|Any CPU.ActiveCfg = Debug|Any CPU
		{2A015AEB-DC96-4B4A-86C1-B81C1FA2CB21}.Debug|Any CPU.Build.0 = Debug|Any CPU
		{2A015AEB-DC96-4B4A-86C1-B81C1FA2CB21}.Release|Any CPU.ActiveCfg = Release|Any CPU
		{2A015AEB-DC96-4B4A-86C1-B81C1FA2CB21}.Release|Any CPU.Build.0 = Release|Any CPU
		{86C3472E-56B6-4B49-AF0F-4B4CB6FC8D0C}.Debug|Any CPU.ActiveCfg = Debug|Any CPU
		{86C3472E-56B6-4B49-AF0F-4B4CB6FC8D0C}.Debug|Any CPU.Build.0 = Debug|Any CPU
		{86C3472E-56B6-4B49-AF0F-4B4CB6FC8D0C}.Release|Any CPU.ActiveCfg = Release|Any CPU
		{86C3472E-56B6-4B49-AF0F-4B4CB6FC8D0C}.Release|Any CPU.Build.0 = Release|Any CPU
		{4BE0AF9D-F08C-4DB9-8E04-7CB91A08AC0B}.Debug|Any CPU.ActiveCfg = Debug|Any CPU
		{4BE0AF9D-F08C-4DB9-8E04-7CB91A08AC0B}.Debug|Any CPU.Build.0 = Debug|Any CPU
		{4BE0AF9D-F08C-4DB9-8E04-7CB91A08AC0B}.Release|Any CPU.ActiveCfg = Release|Any CPU
		{4BE0AF9D-F08C-4DB9-8E04-7CB91A08AC0B}.Release|Any CPU.Build.0 = Release|Any CPU
		{78C20FD5-5B53-4185-AE82-D067DF0228AA}.Debug|Any CPU.ActiveCfg = Debug|Any CPU
		{78C20FD5-5B53-4185-AE82-D067DF0228AA}.Debug|Any CPU.Build.0 = Debug|Any CPU
		{78C20FD5-5B53-4185-AE82-D067DF0228AA}.Release|Any CPU.ActiveCfg = Release|Any CPU
		{78C20FD5-5B53-4185-AE82-D067DF0228AA}.Release|Any CPU.Build.0 = Release|Any CPU
		{C92B676F-A824-4EB1-B836-7D6255A1F60A}.Debug|Any CPU.ActiveCfg = Debug|Any CPU
		{C92B676F-A824-4EB1-B836-7D6255A1F60A}.Debug|Any CPU.Build.0 = Debug|Any CPU
		{C92B676F-A824-4EB1-B836-7D6255A1F60A}.Release|Any CPU.ActiveCfg = Release|Any CPU
		{C92B676F-A824-4EB1-B836-7D6255A1F60A}.Release|Any CPU.Build.0 = Release|Any CPU
		{C09D18A9-62EB-4B93-BF1D-F2211A27B0FC}.Debug|Any CPU.ActiveCfg = Debug|Any CPU
		{C09D18A9-62EB-4B93-BF1D-F2211A27B0FC}.Debug|Any CPU.Build.0 = Debug|Any CPU
		{C09D18A9-62EB-4B93-BF1D-F2211A27B0FC}.Release|Any CPU.ActiveCfg = Release|Any CPU
		{C09D18A9-62EB-4B93-BF1D-F2211A27B0FC}.Release|Any CPU.Build.0 = Release|Any CPU
		{79A1D362-4614-47D9-B03A-953DD307A0E6}.Debug|Any CPU.ActiveCfg = Debug|Any CPU
		{79A1D362-4614-47D9-B03A-953DD307A0E6}.Debug|Any CPU.Build.0 = Debug|Any CPU
		{79A1D362-4614-47D9-B03A-953DD307A0E6}.Release|Any CPU.ActiveCfg = Release|Any CPU
		{79A1D362-4614-47D9-B03A-953DD307A0E6}.Release|Any CPU.Build.0 = Release|Any CPU
	EndGlobalSection
	GlobalSection(SolutionProperties) = preSolution
		HideSolutionNode = FALSE
	EndGlobalSection
	GlobalSection(ExtensibilityGlobals) = postSolution
		SolutionGuid = {DA1DA666-E432-4425-B495-5F00485433D5}
	EndGlobalSection
EndGlobal
