
Microsoft Visual Studio Solution File, Format Version 12.00
# Visual Studio Version 17
VisualStudioVersion = 17.13.35825.156 d17.13
MinimumVisualStudioVersion = 10.0.40219.1
Project("{FAE04EC0-301F-11D3-BF4B-00C04F79EFBC}") = "BlazorWebApiApp", "BlazorWebApiApp.csproj", "{0060C844-A6BA-4008-8283-A8F70BC0CD29}"
EndProject
Global
	GlobalSection(SolutionConfigurationPlatforms) = preSolution
		Debug|Any CPU = Debug|Any CPU
		Release|Any CPU = Release|Any CPU
	EndGlobalSection
	GlobalSection(ProjectConfigurationPlatforms) = postSolution
		{0060C844-A6BA-4008-8283-A8F70BC0CD29}.Debug|Any CPU.ActiveCfg = Debug|Any CPU
		{0060C844-A6BA-4008-8283-A8F70BC0CD29}.Debug|Any CPU.Build.0 = Debug|Any CPU
		{0060C844-A6BA-4008-8283-A8F70BC0CD29}.Release|Any CPU.ActiveCfg = Release|Any CPU
		{0060C844-A6BA-4008-8283-A8F70BC0CD29}.Release|Any CPU.Build.0 = Release|Any CPU
	EndGlobalSection
	GlobalSection(SolutionProperties) = preSolution
		HideSolutionNode = FALSE
	EndGlobalSection
	GlobalSection(ExtensibilityGlobals) = postSolution
		SolutionGuid = {90DA780E-FD35-4742-9F2D-1B8E4AC1197D}
	EndGlobalSection
EndGlobal
